
Microsoft Visual Studio Solution File, Format Version 12.00
# Visual Studio Version 18
VisualStudioVersion = 18.0.11205.157
MinimumVisualStudioVersion = 10.0.40219.1
Project("{FAE04EC0-301F-11D3-BF4B-00C04F79EFBC}") = "BlockFarmEditor.ClientScripts.RCL", "src\BlockFarmEditor.ClientScripts.RCL\BlockFarmEditor.ClientScripts.RCL.csproj", "{6ACD2688-815E-40BB-B652-4C71D8A5E4AB}"
EndProject
Project("{FAE04EC0-301F-11D3-BF4B-00C04F79EFBC}") = "BlockFarmEditor.Umbraco", "src\BlockFarmEditor.Umbraco\BlockFarmEditor.Umbraco.csproj", "{A9396B0A-E7C1-8734-5A91-18D550B05679}"
EndProject
Project("{FAE04EC0-301F-11D3-BF4B-00C04F79EFBC}") = "BlockFarmEditor", "BlockFarmEditor\BlockFarmEditor.csproj", "{5148610F-CA9E-847B-0F4C-FF3F4530E6BE}"
EndProject
Project("{2150E333-8FDC-42A3-9474-1A3956D46DE8}") = "Solution Items", "Solution Items", "{4E011B43-4A7C-4B4E-8AD2-D82D8F2790EB}"
	ProjectSection(SolutionItems) = preProject
		readme.md = readme.md
	EndProjectSection
EndProject
Project("{FAE04EC0-301F-11D3-BF4B-00C04F79EFBC}") = "BlockFarmEditor.Umbraco.Core", "src\BlockFarmEditor.Umbraco.Core\BlockFarmEditor.Umbraco.Core.csproj", "{0F97FF66-156E-462D-B093-BFBA29BC6DA0}"
EndProject
Project("{FAE04EC0-301F-11D3-BF4B-00C04F79EFBC}") = "BlockFarmEditor.USync", "src\BlockFarmEditor.USync\BlockFarmEditor.USync.csproj", "{B4DDE78A-A508-DE53-DBF4-6CC4CB23E6C1}"
EndProject
Global
	GlobalSection(SolutionConfigurationPlatforms) = preSolution
		Debug|Any CPU = Debug|Any CPU
		Debug|x64 = Debug|x64
		Debug|x86 = Debug|x86
		Release|Any CPU = Release|Any CPU
		Release|x64 = Release|x64
		Release|x86 = Release|x86
	EndGlobalSection
	GlobalSection(ProjectConfigurationPlatforms) = postSolution
		{6ACD2688-815E-40BB-B652-4C71D8A5E4AB}.Debug|Any CPU.ActiveCfg = Debug|Any CPU
		{6ACD2688-815E-40BB-B652-4C71D8A5E4AB}.Debug|Any CPU.Build.0 = Debug|Any CPU
		{6ACD2688-815E-40BB-B652-4C71D8A5E4AB}.Debug|x64.ActiveCfg = Debug|Any CPU
		{6ACD2688-815E-40BB-B652-4C71D8A5E4AB}.Debug|x64.Build.0 = Debug|Any CPU
		{6ACD2688-815E-40BB-B652-4C71D8A5E4AB}.Debug|x86.ActiveCfg = Debug|Any CPU
		{6ACD2688-815E-40BB-B652-4C71D8A5E4AB}.Debug|x86.Build.0 = Debug|Any CPU
		{6ACD2688-815E-40BB-B652-4C71D8A5E4AB}.Release|Any CPU.ActiveCfg = Release|Any CPU
		{6ACD2688-815E-40BB-B652-4C71D8A5E4AB}.Release|Any CPU.Build.0 = Release|Any CPU
		{6ACD2688-815E-40BB-B652-4C71D8A5E4AB}.Release|x64.ActiveCfg = Release|Any CPU
		{6ACD2688-815E-40BB-B652-4C71D8A5E4AB}.Release|x64.Build.0 = Release|Any CPU
		{6ACD2688-815E-40BB-B652-4C71D8A5E4AB}.Release|x86.ActiveCfg = Release|Any CPU
		{6ACD2688-815E-40BB-B652-4C71D8A5E4AB}.Release|x86.Build.0 = Release|Any CPU
		{A9396B0A-E7C1-8734-5A91-18D550B05679}.Debug|Any CPU.ActiveCfg = Debug|Any CPU
		{A9396B0A-E7C1-8734-5A91-18D550B05679}.Debug|Any CPU.Build.0 = Debug|Any CPU
		{A9396B0A-E7C1-8734-5A91-18D550B05679}.Debug|x64.ActiveCfg = Debug|Any CPU
		{A9396B0A-E7C1-8734-5A91-18D550B05679}.Debug|x64.Build.0 = Debug|Any CPU
		{A9396B0A-E7C1-8734-5A91-18D550B05679}.Debug|x86.ActiveCfg = Debug|Any CPU
		{A9396B0A-E7C1-8734-5A91-18D550B05679}.Debug|x86.Build.0 = Debug|Any CPU
		{A9396B0A-E7C1-8734-5A91-18D550B05679}.Release|Any CPU.ActiveCfg = Release|Any CPU
		{A9396B0A-E7C1-8734-5A91-18D550B05679}.Release|Any CPU.Build.0 = Release|Any CPU
		{A9396B0A-E7C1-8734-5A91-18D550B05679}.Release|x64.ActiveCfg = Release|Any CPU
		{A9396B0A-E7C1-8734-5A91-18D550B05679}.Release|x64.Build.0 = Release|Any CPU
		{A9396B0A-E7C1-8734-5A91-18D550B05679}.Release|x86.ActiveCfg = Release|Any CPU
		{A9396B0A-E7C1-8734-5A91-18D550B05679}.Release|x86.Build.0 = Release|Any CPU
		{5148610F-CA9E-847B-0F4C-FF3F4530E6BE}.Debug|Any CPU.ActiveCfg = Debug|Any CPU
		{5148610F-CA9E-847B-0F4C-FF3F4530E6BE}.Debug|Any CPU.Build.0 = Debug|Any CPU
		{5148610F-CA9E-847B-0F4C-FF3F4530E6BE}.Debug|x64.ActiveCfg = Debug|Any CPU
		{5148610F-CA9E-847B-0F4C-FF3F4530E6BE}.Debug|x64.Build.0 = Debug|Any CPU
		{5148610F-CA9E-847B-0F4C-FF3F4530E6BE}.Debug|x86.ActiveCfg = Debug|Any CPU
		{5148610F-CA9E-847B-0F4C-FF3F4530E6BE}.Debug|x86.Build.0 = Debug|Any CPU
		{5148610F-CA9E-847B-0F4C-FF3F4530E6BE}.Release|Any CPU.ActiveCfg = Release|Any CPU
		{5148610F-CA9E-847B-0F4C-FF3F4530E6BE}.Release|Any CPU.Build.0 = Release|Any CPU
		{5148610F-CA9E-847B-0F4C-FF3F4530E6BE}.Release|x64.ActiveCfg = Release|Any CPU
		{5148610F-CA9E-847B-0F4C-FF3F4530E6BE}.Release|x64.Build.0 = Release|Any CPU
		{5148610F-CA9E-847B-0F4C-FF3F4530E6BE}.Release|x86.ActiveCfg = Release|Any CPU
		{5148610F-CA9E-847B-0F4C-FF3F4530E6BE}.Release|x86.Build.0 = Release|Any CPU
		{0F97FF66-156E-462D-B093-BFBA29BC6DA0}.Debug|Any CPU.ActiveCfg = Debug|Any CPU
		{0F97FF66-156E-462D-B093-BFBA29BC6DA0}.Debug|Any CPU.Build.0 = Debug|Any CPU
		{0F97FF66-156E-462D-B093-BFBA29BC6DA0}.Debug|x64.ActiveCfg = Debug|Any CPU
		{0F97FF66-156E-462D-B093-BFBA29BC6DA0}.Debug|x64.Build.0 = Debug|Any CPU
		{0F97FF66-156E-462D-B093-BFBA29BC6DA0}.Debug|x86.ActiveCfg = Debug|Any CPU
		{0F97FF66-156E-462D-B093-BFBA29BC6DA0}.Debug|x86.Build.0 = Debug|Any CPU
		{0F97FF66-156E-462D-B093-BFBA29BC6DA0}.Release|Any CPU.ActiveCfg = Release|Any CPU
		{0F97FF66-156E-462D-B093-BFBA29BC6DA0}.Release|Any CPU.Build.0 = Release|Any CPU
		{0F97FF66-156E-462D-B093-BFBA29BC6DA0}.Release|x64.ActiveCfg = Release|Any CPU
		{0F97FF66-156E-462D-B093-BFBA29BC6DA0}.Release|x64.Build.0 = Release|Any CPU
		{0F97FF66-156E-462D-B093-BFBA29BC6DA0}.Release|x86.ActiveCfg = Release|Any CPU
		{0F97FF66-156E-462D-B093-BFBA29BC6DA0}.Release|x86.Build.0 = Release|Any CPU
		{B4DDE78A-A508-DE53-DBF4-6CC4CB23E6C1}.Debug|Any CPU.ActiveCfg = Debug|Any CPU
		{B4DDE78A-A508-DE53-DBF4-6CC4CB23E6C1}.Debug|Any CPU.Build.0 = Debug|Any CPU
		{B4DDE78A-A508-DE53-DBF4-6CC4CB23E6C1}.Debug|x64.ActiveCfg = Debug|Any CPU
		{B4DDE78A-A508-DE53-DBF4-6CC4CB23E6C1}.Debug|x64.Build.0 = Debug|Any CPU
		{B4DDE78A-A508-DE53-DBF4-6CC4CB23E6C1}.Debug|x86.ActiveCfg = Debug|Any CPU
		{B4DDE78A-A508-DE53-DBF4-6CC4CB23E6C1}.Debug|x86.Build.0 = Debug|Any CPU
		{B4DDE78A-A508-DE53-DBF4-6CC4CB23E6C1}.Release|Any CPU.ActiveCfg = Release|Any CPU
		{B4DDE78A-A508-DE53-DBF4-6CC4CB23E6C1}.Release|Any CPU.Build.0 = Release|Any CPU
		{B4DDE78A-A508-DE53-DBF4-6CC4CB23E6C1}.Release|x64.ActiveCfg = Release|Any CPU
		{B4DDE78A-A508-DE53-DBF4-6CC4CB23E6C1}.Release|x64.Build.0 = Release|Any CPU
		{B4DDE78A-A508-DE53-DBF4-6CC4CB23E6C1}.Release|x86.ActiveCfg = Release|Any CPU
		{B4DDE78A-A508-DE53-DBF4-6CC4CB23E6C1}.Release|x86.Build.0 = Release|Any CPU
	EndGlobalSection
	GlobalSection(SolutionProperties) = preSolution
		HideSolutionNode = FALSE
	EndGlobalSection
	GlobalSection(ExtensibilityGlobals) = postSolution
		SolutionGuid = {8F2D2A8C-2AAD-42E3-8BEE-374CCE5665E0}
	EndGlobalSection
EndGlobal
