Microsoft Visual Studio Solution File, Format Version 12.00
# Visual Studio Version 17
VisualStudioVersion = 17.5.2.0
MinimumVisualStudioVersion = 10.0.40219.1
Project("{FAE04EC0-301F-11D3-BF4B-00C04F79EFBC}") = "BlockFarmEditor.ClientScripts.RCL", "BlockFarmEditor.ClientScripts.RCL.csproj", "{30046338-A675-09AE-BAFD-041D44885674}"
EndProject
Global
	GlobalSection(SolutionConfigurationPlatforms) = preSolution
		Debug|Any CPU = Debug|Any CPU
		Release|Any CPU = Release|Any CPU
	EndGlobalSection
	GlobalSection(ProjectConfigurationPlatforms) = postSolution
		{30046338-A675-09AE-BAFD-041D44885674}.Debug|Any CPU.ActiveCfg = Debug|Any CPU
		{30046338-A675-09AE-BAFD-041D44885674}.Debug|Any CPU.Build.0 = Debug|Any CPU
		{30046338-A675-09AE-BAFD-041D44885674}.Release|Any CPU.ActiveCfg = Release|Any CPU
		{30046338-A675-09AE-BAFD-041D44885674}.Release|Any CPU.Build.0 = Release|Any CPU
	EndGlobalSection
	GlobalSection(SolutionProperties) = preSolution
		HideSolutionNode = FALSE
	EndGlobalSection
	GlobalSection(ExtensibilityGlobals) = postSolution
		SolutionGuid = {CC2E8470-7F01-459B-B64E-DC816D7CDF57}
	EndGlobalSection
EndGlobal
